
Microsoft Visual Studio Solution File, Format Version 12.00
# Visual Studio Version 17
VisualStudioVersion = 17.2.32630.192
MinimumVisualStudioVersion = 10.0.40219.1
Project("{FAE04EC0-301F-11D3-BF4B-00C04F79EFBC}") = "BehaviorTree.Tests", "BehaviorTree.Tests\BehaviorTree.Tests.csproj", "{20B7C076-5954-4B7F-90CF-6675C9826C70}"
EndProject
Project("{FAE04EC0-301F-11D3-BF4B-00C04F79EFBC}") = "BehaviorTree", "BehaviorTree\BehaviorTree.csproj", "{24C4C9A6-DB99-4BDA-B0FB-F07E9DC7FDA8}"
EndProject
Global
	GlobalSection(SolutionConfigurationPlatforms) = preSolution
		Debug|Any CPU = Debug|Any CPU
		Release|Any CPU = Release|Any CPU
	EndGlobalSection
	GlobalSection(ProjectConfigurationPlatforms) = postSolution
		{20B7C076-5954-4B7F-90CF-6675C9826C70}.Debug|Any CPU.ActiveCfg = Debug|Any CPU
		{20B7C076-5954-4B7F-90CF-6675C9826C70}.Debug|Any CPU.Build.0 = Debug|Any CPU
		{20B7C076-5954-4B7F-90CF-6675C9826C70}.Release|Any CPU.ActiveCfg = Release|Any CPU
		{20B7C076-5954-4B7F-90CF-6675C9826C70}.Release|Any CPU.Build.0 = Release|Any CPU
		{24C4C9A6-DB99-4BDA-B0FB-F07E9DC7FDA8}.Debug|Any CPU.ActiveCfg = Debug|Any CPU
		{24C4C9A6-DB99-4BDA-B0FB-F07E9DC7FDA8}.Debug|Any CPU.Build.0 = Debug|Any CPU
		{24C4C9A6-DB99-4BDA-B0FB-F07E9DC7FDA8}.Release|Any CPU.ActiveCfg = Release|Any CPU
		{24C4C9A6-DB99-4BDA-B0FB-F07E9DC7FDA8}.Release|Any CPU.Build.0 = Release|Any CPU
	EndGlobalSection
	GlobalSection(SolutionProperties) = preSolution
		HideSolutionNode = FALSE
	EndGlobalSection
	GlobalSection(ExtensibilityGlobals) = postSolution
		SolutionGuid = {E68FEBDF-A17D-421B-8621-00F81C074504}
	EndGlobalSection
EndGlobal
